
Microsoft Visual Studio Solution File, Format Version 12.00
# Visual Studio Version 16
VisualStudioVersion = 16.0.30517.126
MinimumVisualStudioVersion = 10.0.40219.1
Project("{FAE04EC0-301F-11D3-BF4B-00C04F79EFBC}") = "OperacionesBasicas", "OperacionesBasicas\OperacionesBasicas.csproj", "{1F23E268-1748-490C-8D2F-8A710FE71062}"
EndProject
Project("{FAE04EC0-301F-11D3-BF4B-00C04F79EFBC}") = "PresentacionesOperaciones", "PresentacionesOperaciones\PresentacionesOperaciones.csproj", "{7555BA58-1716-43F8-AABA-F72143E63E36}"
EndProject
Global
	GlobalSection(SolutionConfigurationPlatforms) = preSolution
		Debug|Any CPU = Debug|Any CPU
		Release|Any CPU = Release|Any CPU
	EndGlobalSection
	GlobalSection(ProjectConfigurationPlatforms) = postSolution
		{1F23E268-1748-490C-8D2F-8A710FE71062}.Debug|Any CPU.ActiveCfg = Debug|Any CPU
		{1F23E268-1748-490C-8D2F-8A710FE71062}.Debug|Any CPU.Build.0 = Debug|Any CPU
		{1F23E268-1748-490C-8D2F-8A710FE71062}.Release|Any CPU.ActiveCfg = Release|Any CPU
		{1F23E268-1748-490C-8D2F-8A710FE71062}.Release|Any CPU.Build.0 = Release|Any CPU
		{7555BA58-1716-43F8-AABA-F72143E63E36}.Debug|Any CPU.ActiveCfg = Debug|Any CPU
		{7555BA58-1716-43F8-AABA-F72143E63E36}.Debug|Any CPU.Build.0 = Debug|Any CPU
		{7555BA58-1716-43F8-AABA-F72143E63E36}.Release|Any CPU.ActiveCfg = Release|Any CPU
		{7555BA58-1716-43F8-AABA-F72143E63E36}.Release|Any CPU.Build.0 = Release|Any CPU
	EndGlobalSection
	GlobalSection(SolutionProperties) = preSolution
		HideSolutionNode = FALSE
	EndGlobalSection
	GlobalSection(ExtensibilityGlobals) = postSolution
		SolutionGuid = {D16EEDF6-F0F4-485C-B4A6-F6B737AF00FD}
	EndGlobalSection
EndGlobal
